{
  "name": "gitCodeBase",
  "lockfileVersion": 3,
  "requires": true,
  "packages": {
    "": {
      "dependencies": {
        "@ngrx/store-devtools": "^17.2.0"
      }
    },
    "node_modules/@angular/core": {
      "version": "17.3.8",
      "resolved": "https://registry.npmjs.org/@angular/core/-/core-17.3.8.tgz",
      "integrity": "sha512-+tUQ+B1yVvNbczzaWBCgJWWIgZ2z+GVJWu+UNOHHWzdqD8qpXjuIkDfnhyLNeGvvXgsqey4u6ApFf2SoFYLjuA==",
      "peer": true,
      "dependencies": {
        "tslib": "^2.3.0"
      },
      "engines": {
        "node": "^18.13.0 || >=20.9.0"
      },
      "peerDependencies": {
        "rxjs": "^6.5.3 || ^7.4.0",
        "zone.js": "~0.14.0"
      }
    },
    "node_modules/@ngrx/store": {
      "version": "17.2.0",
      "resolved": "https://registry.npmjs.org/@ngrx/store/-/store-17.2.0.tgz",
      "integrity": "sha512-7wKgZ59B/6yQSvvsU0DQXipDqpkAXv7LwcXLD5Ww7nvqN0fQoRPThMh4+Wv55DCJhE0bQc1NEMciLA47uRt7Wg==",
      "peer": true,
      "dependencies": {
        "tslib": "^2.0.0"
      },
      "peerDependencies": {
        "@angular/core": "^17.0.0",
        "rxjs": "^6.5.3 || ^7.5.0"
      }
    },
    "node_modules/@ngrx/store-devtools": {
      "version": "17.2.0",
      "resolved": "https://registry.npmjs.org/@ngrx/store-devtools/-/store-devtools-17.2.0.tgz",
      "integrity": "sha512-ig0qr6hMexZGnrlxfHvZmu5CanRjH7hhx60XUbB5BdBvWJIIRaWKPLcsniiDUhljAD87gvzrrilbCTiML38+CA==",
      "dependencies": {
        "tslib": "^2.0.0"
      },
      "peerDependencies": {
        "@ngrx/store": "17.2.0",
        "rxjs": "^6.5.3 || ^7.5.0"
      }
    },
    "node_modules/rxjs": {
      "version": "7.8.1",
      "resolved": "https://registry.npmjs.org/rxjs/-/rxjs-7.8.1.tgz",
      "integrity": "sha512-AA3TVj+0A2iuIoQkWEK/tqFjBq2j+6PO6Y0zJcvzLAFhEFIO3HL0vls9hWLncZbAAbK0mar7oZ4V079I/qPMxg==",
      "peer": true,
      "dependencies": {
        "tslib": "^2.1.0"
      }
    },
    "node_modules/tslib": {
      "version": "2.6.2",
      "resolved": "https://registry.npmjs.org/tslib/-/tslib-2.6.2.tgz",
      "integrity": "sha512-AEYxH93jGFPn/a2iVAwW87VuUIkR1FVUKB77NwMF7nBTDkDrrT/Hpt/IrCJ0QXhW27jTBDcf5ZY7w6RiqTMw2Q=="
    },
    "node_modules/zone.js": {
      "version": "0.14.5",
      "resolved": "https://registry.npmjs.org/zone.js/-/zone.js-0.14.5.tgz",
      "integrity": "sha512-9XYWZzY6PhHOSdkYryNcMm7L8EK7a4q+GbTvxbIA2a9lMdRUpGuyaYvLDcg8D6bdn+JomSsbPcilVKg6SmUx6w==",
      "peer": true,
      "dependencies": {
        "tslib": "^2.3.0"
      }
    }
  }
}
